{
    "version": 3,
    "terraform_version": "0.11.3",
    "serial": 13,
    "lineage": "3706dd84-08ab-46dd-b555-71be44678dd8",
    "modules": [
        {
            "path": [
                "root"
            ],
            "outputs": {},
            "resources": {},
            "depends_on": []
        },
        {
            "path": [
                "root",
                "create_ebs_volume"
            ],
            "outputs": {
                "ebs_volume_id": {
                    "sensitive": false,
                    "type": "string",
                    "value": "vol-0e7f285dd921ba32d"
                }
            },
            "resources": {
                "aws_ebs_volume.jenkins-ebs-volume": {
                    "type": "aws_ebs_volume",
                    "depends_on": [],
                    "primary": {
                        "id": "vol-0e7f285dd921ba32d",
                        "attributes": {
                            "arn": "arn:aws:ec2:us-east-1:958930735678:volume/vol-0e7f285dd921ba32d",
                            "availability_zone": "us-east-1a",
                            "encrypted": "false",
                            "id": "vol-0e7f285dd921ba32d",
                            "iops": "100",
                            "kms_key_id": "",
                            "size": "20",
                            "snapshot_id": "",
                            "tags.%": "1",
                            "tags.Name": "jenkins-volume",
                            "type": "gp2"
                        },
                        "meta": {},
                        "tainted": false
                    },
                    "deposed": [],
                    "provider": "provider.aws"
                }
            },
            "depends_on": []
        },
        {
            "path": [
                "root",
                "create_security_group"
            ],
            "outputs": {
                "jenkins_security_group_id": {
                    "sensitive": false,
                    "type": "string",
                    "value": "sg-0abc46ce055d47b2e"
                }
            },
            "resources": {
                "aws_security_group.jenkins_security_group": {
                    "type": "aws_security_group",
                    "depends_on": [],
                    "primary": {
                        "id": "sg-0abc46ce055d47b2e",
                        "attributes": {
                            "arn": "arn:aws:ec2:us-east-1:958930735678:security-group/sg-0abc46ce055d47b2e",
                            "description": "This will allow ports 8080 and 22",
                            "egress.#": "0",
                            "id": "sg-0abc46ce055d47b2e",
                            "ingress.#": "2",
                            "ingress.2541437006.cidr_blocks.#": "1",
                            "ingress.2541437006.cidr_blocks.0": "0.0.0.0/0",
                            "ingress.2541437006.description": "",
                            "ingress.2541437006.from_port": "22",
                            "ingress.2541437006.ipv6_cidr_blocks.#": "0",
                            "ingress.2541437006.prefix_list_ids.#": "0",
                            "ingress.2541437006.protocol": "tcp",
                            "ingress.2541437006.security_groups.#": "0",
                            "ingress.2541437006.self": "false",
                            "ingress.2541437006.to_port": "22",
                            "ingress.516175195.cidr_blocks.#": "1",
                            "ingress.516175195.cidr_blocks.0": "0.0.0.0/0",
                            "ingress.516175195.description": "",
                            "ingress.516175195.from_port": "8080",
                            "ingress.516175195.ipv6_cidr_blocks.#": "0",
                            "ingress.516175195.prefix_list_ids.#": "0",
                            "ingress.516175195.protocol": "tcp",
                            "ingress.516175195.security_groups.#": "0",
                            "ingress.516175195.self": "false",
                            "ingress.516175195.to_port": "8080",
                            "name": "jenkins_security_group",
                            "owner_id": "958930735678",
                            "revoke_rules_on_delete": "false",
                            "tags.%": "1",
                            "tags.Name": "jenkins_security_group",
                            "vpc_id": "vpc-5e652e25"
                        },
                        "meta": {
                            "e2bfb730-ecaa-11e6-8f88-34363bc7c4c0": {
                                "create": 600000000000,
                                "delete": 600000000000
                            },
                            "schema_version": "1"
                        },
                        "tainted": false
                    },
                    "deposed": [],
                    "provider": "provider.aws"
                }
            },
            "depends_on": []
        },
        {
            "path": [
                "root",
                "get_vpc"
            ],
            "outputs": {
                "vpc_id": {
                    "sensitive": false,
                    "type": "string",
                    "value": "vpc-5e652e25"
                }
            },
            "resources": {
                "aws_default_vpc.default": {
                    "type": "aws_default_vpc",
                    "depends_on": [],
                    "primary": {
                        "id": "vpc-5e652e25",
                        "attributes": {
                            "arn": "arn:aws:ec2:us-east-1:958930735678:vpc/vpc-5e652e25",
                            "assign_generated_ipv6_cidr_block": "false",
                            "cidr_block": "172.31.0.0/16",
                            "default_network_acl_id": "acl-c451fdbe",
                            "default_route_table_id": "rtb-a8edc1d4",
                            "default_security_group_id": "sg-c509298c",
                            "dhcp_options_id": "dopt-e80a0390",
                            "enable_classiclink": "false",
                            "enable_classiclink_dns_support": "false",
                            "enable_dns_hostnames": "true",
                            "enable_dns_support": "true",
                            "id": "vpc-5e652e25",
                            "instance_tenancy": "default",
                            "ipv6_association_id": "",
                            "ipv6_cidr_block": "",
                            "main_route_table_id": "rtb-a8edc1d4",
                            "owner_id": "958930735678",
                            "tags.%": "1",
                            "tags.Name": "Default VPC"
                        },
                        "meta": {
                            "schema_version": "1"
                        },
                        "tainted": false
                    },
                    "deposed": [],
                    "provider": "provider.aws"
                }
            },
            "depends_on": []
        }
    ]
}
