{
    "version": 3,
    "terraform_version": "0.11.3",
    "serial": 16,
    "lineage": "73ba3b47-198e-4c56-80da-963287df3aef",
    "modules": [
        {
            "path": [
                "root"
            ],
            "outputs": {},
            "resources": {},
            "depends_on": []
        },
        {
            "path": [
                "root",
                "create_ebs_volume"
            ],
            "outputs": {
                "ebs_volume_id": {
                    "sensitive": false,
                    "type": "string",
                    "value": "vol-05587be2315eb1d5e"
                }
            },
            "resources": {
                "aws_ebs_volume.jenkins-ebs-volume": {
                    "type": "aws_ebs_volume",
                    "depends_on": [],
                    "primary": {
                        "id": "vol-05587be2315eb1d5e",
                        "attributes": {
                            "arn": "arn:aws:ec2:us-east-1:958930735678:volume/vol-05587be2315eb1d5e",
                            "availability_zone": "us-east-1a",
                            "encrypted": "false",
                            "id": "vol-05587be2315eb1d5e",
                            "iops": "100",
                            "kms_key_id": "",
                            "size": "20",
                            "snapshot_id": "",
                            "tags.%": "1",
                            "tags.Name": "jenkins-volume",
                            "type": "gp2"
                        },
                        "meta": {},
                        "tainted": false
                    },
                    "deposed": [],
                    "provider": "provider.aws"
                }
            },
            "depends_on": []
        },
        {
            "path": [
                "root",
                "create_ec2_instance"
            ],
            "outputs": {},
            "resources": {
                "aws_instance.jenkins-ec2-instance": {
                    "type": "aws_instance",
                    "depends_on": [],
                    "primary": {
                        "id": "i-025fc9321fc5e3051",
                        "attributes": {
                            "ami": "ami-0b898040803850657",
                            "arn": "arn:aws:ec2:us-east-1:958930735678:instance/i-025fc9321fc5e3051",
                            "associate_public_ip_address": "true",
                            "availability_zone": "us-east-1a",
                            "cpu_core_count": "1",
                            "cpu_threads_per_core": "1",
                            "credit_specification.#": "1",
                            "credit_specification.0.cpu_credits": "standard",
                            "disable_api_termination": "false",
                            "ebs_block_device.#": "0",
                            "ebs_optimized": "false",
                            "ephemeral_block_device.#": "0",
                            "get_password_data": "false",
                            "iam_instance_profile": "",
                            "id": "i-025fc9321fc5e3051",
                            "instance_state": "running",
                            "instance_type": "t2.micro",
                            "ipv6_address_count": "0",
                            "ipv6_addresses.#": "0",
                            "key_name": "praveen-new-key",
                            "monitoring": "false",
                            "network_interface.#": "0",
                            "password_data": "",
                            "placement_group": "",
                            "primary_network_interface_id": "eni-02b48ad9a30897fab",
                            "private_dns": "ip-172-31-43-150.ec2.internal",
                            "private_ip": "172.31.43.150",
                            "public_dns": "ec2-3-89-227-236.compute-1.amazonaws.com",
                            "public_ip": "3.89.227.236",
                            "root_block_device.#": "1",
                            "root_block_device.0.delete_on_termination": "true",
                            "root_block_device.0.encrypted": "false",
                            "root_block_device.0.iops": "100",
                            "root_block_device.0.kms_key_id": "",
                            "root_block_device.0.volume_id": "vol-0a004c3c8ce6fbc8c",
                            "root_block_device.0.volume_size": "8",
                            "root_block_device.0.volume_type": "gp2",
                            "security_groups.#": "1",
                            "security_groups.890715083": "jenkins_security_group",
                            "source_dest_check": "true",
                            "subnet_id": "subnet-086f8f54",
                            "tags.%": "1",
                            "tags.Name": "Jenkins-ec2-instance",
                            "tenancy": "default",
                            "user_data": "e1d7abef380f772dad9ceaf76bd1fb0e7b87751a",
                            "volume_tags.%": "0",
                            "vpc_security_group_ids.#": "1",
                            "vpc_security_group_ids.635944538": "sg-08c8f8112b0b59869"
                        },
                        "meta": {
                            "e2bfb730-ecaa-11e6-8f88-34363bc7c4c0": {
                                "create": 600000000000,
                                "delete": 1200000000000,
                                "update": 600000000000
                            },
                            "schema_version": "1"
                        },
                        "tainted": false
                    },
                    "deposed": [],
                    "provider": "provider.aws"
                },
                "aws_volume_attachment.ec2-ebs-attachment": {
                    "type": "aws_volume_attachment",
                    "depends_on": [
                        "aws_instance.jenkins-ec2-instance"
                    ],
                    "primary": {
                        "id": "vai-1362195400",
                        "attributes": {
                            "device_name": "/dev/sdh",
                            "force_detach": "true",
                            "id": "vai-1362195400",
                            "instance_id": "i-025fc9321fc5e3051",
                            "volume_id": "vol-05587be2315eb1d5e"
                        },
                        "meta": {},
                        "tainted": false
                    },
                    "deposed": [],
                    "provider": "provider.aws"
                }
            },
            "depends_on": []
        },
        {
            "path": [
                "root",
                "create_security_group"
            ],
            "outputs": {
                "jenkins_security_group_id": {
                    "sensitive": false,
                    "type": "string",
                    "value": "sg-08c8f8112b0b59869"
                }
            },
            "resources": {
                "aws_security_group.jenkins_security_group": {
                    "type": "aws_security_group",
                    "depends_on": [],
                    "primary": {
                        "id": "sg-08c8f8112b0b59869",
                        "attributes": {
                            "arn": "arn:aws:ec2:us-east-1:958930735678:security-group/sg-08c8f8112b0b59869",
                            "description": "This will allow ports 8080 and 22",
                            "egress.#": "1",
                            "egress.2214680975.cidr_blocks.#": "1",
                            "egress.2214680975.cidr_blocks.0": "0.0.0.0/0",
                            "egress.2214680975.description": "",
                            "egress.2214680975.from_port": "80",
                            "egress.2214680975.ipv6_cidr_blocks.#": "0",
                            "egress.2214680975.prefix_list_ids.#": "0",
                            "egress.2214680975.protocol": "tcp",
                            "egress.2214680975.security_groups.#": "0",
                            "egress.2214680975.self": "false",
                            "egress.2214680975.to_port": "80",
                            "id": "sg-08c8f8112b0b59869",
                            "ingress.#": "2",
                            "ingress.2541437006.cidr_blocks.#": "1",
                            "ingress.2541437006.cidr_blocks.0": "0.0.0.0/0",
                            "ingress.2541437006.description": "",
                            "ingress.2541437006.from_port": "22",
                            "ingress.2541437006.ipv6_cidr_blocks.#": "0",
                            "ingress.2541437006.prefix_list_ids.#": "0",
                            "ingress.2541437006.protocol": "tcp",
                            "ingress.2541437006.security_groups.#": "0",
                            "ingress.2541437006.self": "false",
                            "ingress.2541437006.to_port": "22",
                            "ingress.516175195.cidr_blocks.#": "1",
                            "ingress.516175195.cidr_blocks.0": "0.0.0.0/0",
                            "ingress.516175195.description": "",
                            "ingress.516175195.from_port": "8080",
                            "ingress.516175195.ipv6_cidr_blocks.#": "0",
                            "ingress.516175195.prefix_list_ids.#": "0",
                            "ingress.516175195.protocol": "tcp",
                            "ingress.516175195.security_groups.#": "0",
                            "ingress.516175195.self": "false",
                            "ingress.516175195.to_port": "8080",
                            "name": "jenkins_security_group",
                            "owner_id": "958930735678",
                            "revoke_rules_on_delete": "false",
                            "tags.%": "1",
                            "tags.Name": "jenkins_security_group",
                            "vpc_id": "vpc-5e652e25"
                        },
                        "meta": {
                            "e2bfb730-ecaa-11e6-8f88-34363bc7c4c0": {
                                "create": 600000000000,
                                "delete": 600000000000
                            },
                            "schema_version": "1"
                        },
                        "tainted": false
                    },
                    "deposed": [],
                    "provider": "provider.aws"
                }
            },
            "depends_on": []
        },
        {
            "path": [
                "root",
                "get_vpc"
            ],
            "outputs": {
                "vpc_id": {
                    "sensitive": false,
                    "type": "string",
                    "value": "vpc-5e652e25"
                }
            },
            "resources": {
                "aws_default_vpc.default": {
                    "type": "aws_default_vpc",
                    "depends_on": [],
                    "primary": {
                        "id": "vpc-5e652e25",
                        "attributes": {
                            "arn": "arn:aws:ec2:us-east-1:958930735678:vpc/vpc-5e652e25",
                            "assign_generated_ipv6_cidr_block": "false",
                            "cidr_block": "172.31.0.0/16",
                            "default_network_acl_id": "acl-c451fdbe",
                            "default_route_table_id": "rtb-a8edc1d4",
                            "default_security_group_id": "sg-c509298c",
                            "dhcp_options_id": "dopt-e80a0390",
                            "enable_classiclink": "false",
                            "enable_classiclink_dns_support": "false",
                            "enable_dns_hostnames": "true",
                            "enable_dns_support": "true",
                            "id": "vpc-5e652e25",
                            "instance_tenancy": "default",
                            "ipv6_association_id": "",
                            "ipv6_cidr_block": "",
                            "main_route_table_id": "rtb-a8edc1d4",
                            "owner_id": "958930735678",
                            "tags.%": "1",
                            "tags.Name": "Default VPC"
                        },
                        "meta": {
                            "schema_version": "1"
                        },
                        "tainted": false
                    },
                    "deposed": [],
                    "provider": "provider.aws"
                }
            },
            "depends_on": []
        }
    ]
}
